
Microsoft Visual Studio Solution File, Format Version 12.00
# Visual Studio Version 16
VisualStudioVersion = 16.0.31025.194
MinimumVisualStudioVersion = 10.0.40219.1
Project("{FAE04EC0-301F-11D3-BF4B-00C04F79EFBC}") = "VotingSystem", "VotingSystem\VotingSystem.csproj", "{68674DC1-39E0-4A8E-92A2-FB1A596FE772}"
EndProject
Global
	GlobalSection(SolutionConfigurationPlatforms) = preSolution
		Debug|Any CPU = Debug|Any CPU
		Release|Any CPU = Release|Any CPU
	EndGlobalSection
	GlobalSection(ProjectConfigurationPlatforms) = postSolution
		{68674DC1-39E0-4A8E-92A2-FB1A596FE772}.Debug|Any CPU.ActiveCfg = Debug|Any CPU
		{68674DC1-39E0-4A8E-92A2-FB1A596FE772}.Debug|Any CPU.Build.0 = Debug|Any CPU
		{68674DC1-39E0-4A8E-92A2-FB1A596FE772}.Release|Any CPU.ActiveCfg = Release|Any CPU
		{68674DC1-39E0-4A8E-92A2-FB1A596FE772}.Release|Any CPU.Build.0 = Release|Any CPU
	EndGlobalSection
	GlobalSection(SolutionProperties) = preSolution
		HideSolutionNode = FALSE
	EndGlobalSection
	GlobalSection(ExtensibilityGlobals) = postSolution
		SolutionGuid = {E1BCAB67-E010-44E4-95F3-DB0D513F657C}
	EndGlobalSection
EndGlobal
